{
  "name": "arca-core-v1-foundation",
  "version": "0.4.0-rc.1",
  "lockfileVersion": 3,
  "requires": true,
  "packages": {
    "": {
      "name": "arca-core-v1-foundation",
      "version": "0.4.0-rc.1",
      "license": "Apache-2.0",
      "workspaces": [
        "packages/*"
      ],
      "engines": {
        "node": ">=22.18"
      },
      "author": "ARCA Project"
    },
    "node_modules/@arca/acquisition": {
      "resolved": "packages/acquisition",
      "link": true
    },
    "node_modules/@arca/agent": {
      "resolved": "packages/agent",
      "link": true
    },
    "node_modules/@arca/aie": {
      "resolved": "packages/aie",
      "link": true
    },
    "node_modules/@arca/cli": {
      "resolved": "packages/cli",
      "link": true
    },
    "node_modules/@arca/core": {
      "resolved": "packages/core",
      "link": true
    },
    "node_modules/@arca/pncp-connector": {
      "resolved": "packages/pncp-connector",
      "link": true
    },
    "node_modules/@arca/workbench": {
      "resolved": "packages/workbench",
      "link": true
    },
    "packages/acquisition": {
      "name": "@arca/acquisition",
      "version": "0.4.0-rc.1",
      "bin": {
        "arca-acquire": "bin/arca-acquire.mjs"
      },
      "engines": {
        "node": ">=22.18"
      }
    },
    "packages/agent": {
      "name": "@arca/agent",
      "version": "0.2.0",
      "engines": {
        "node": ">=22.18"
      }
    },
    "packages/aie": {
      "name": "@arca/aie",
      "version": "0.4.0",
      "engines": {
        "node": ">=22.18"
      }
    },
    "packages/cli": {
      "name": "@arca/cli",
      "version": "0.2.0",
      "bin": {
        "arca": "bin/arca.mjs"
      },
      "engines": {
        "node": ">=22.18"
      }
    },
    "packages/core": {
      "name": "@arca/core",
      "version": "0.2.0",
      "engines": {
        "node": ">=22.18"
      }
    },
    "packages/pncp-connector": {
      "name": "@arca/pncp-connector",
      "version": "0.4.0",
      "engines": {
        "node": ">=22.18"
      }
    },
    "packages/workbench": {
      "name": "@arca/workbench",
      "version": "0.2.0",
      "bin": {
        "arca-workbench": "bin/arca-workbench.mjs",
        "arca-creator": "bin/arca-creator.mjs"
      },
      "engines": {
        "node": ">=22.18"
      }
    }
  }
}
